# This file is automatically @generated by Cargo.
# It is not intended for manual editing.
[[package]]
name = "aho-corasick"
version = "0.6.10"
source = "registry+https://github.com/rust-lang/crates.io-index"
checksum = "81ce3d38065e618af2d7b77e10c5ad9a069859b4be3c2250f674af3840d9c8a5"
dependencies = [
 "memchr",
]

[[package]]
name = "bitflags"
version = "1.2.1"
source = "registry+https://github.com/rust-lang/crates.io-index"
checksum = "cf1de2fe8c75bc145a2f577add951f8134889b4795d47466a54a5c846d691693"

[[package]]
name = "byteorder"
version = "1.3.4"
source = "registry+https://github.com/rust-lang/crates.io-index"
checksum = "08c48aae112d48ed9f069b33538ea9e3e90aa263cfa3d1c24309612b1f7472de"

[[package]]
name = "diesel"
version = "1.4.4"
source = "registry+https://github.com/rust-lang/crates.io-index"
checksum = "33d7ca63eb2efea87a7f56a283acc49e2ce4b2bd54adf7465dc1d81fef13d8fc"
dependencies = [
 "bitflags",
 "byteorder",
 "diesel_derives",
 "pq-sys",
]

[[package]]
name = "diesel_derives"
version = "1.4.1"
source = "registry+https://github.com/rust-lang/crates.io-index"
checksum = "45f5098f628d02a7a0f68ddba586fb61e80edec3bdc1be3b921f4ceec60858d3"
dependencies = [
 "proc-macro2",
 "quote",
 "syn",
]

[[package]]
name = "dotenv"
version = "0.9.0"
source = "registry+https://github.com/rust-lang/crates.io-index"
checksum = "400b347fe65ccfbd8f545c9d9a75d04b0caf23fec49aaa838a9a05398f94c019"
dependencies = [
 "regex",
]

[[package]]
name = "lazy_static"
version = "1.4.0"
source = "registry+https://github.com/rust-lang/crates.io-index"
checksum = "e2abad23fbc42b3700f2f279844dc832adb2b2eb069b2df918f455c4e18cc646"

[[package]]
name = "memchr"
version = "2.3.3"
source = "registry+https://github.com/rust-lang/crates.io-index"
checksum = "3728d817d99e5ac407411fa471ff9800a778d88a24685968b36824eaf4bee400"

[[package]]
name = "pq-sys"
version = "0.4.6"
source = "registry+https://github.com/rust-lang/crates.io-index"
checksum = "6ac25eee5a0582f45a67e837e350d784e7003bd29a5f460796772061ca49ffda"
dependencies = [
 "vcpkg",
]

[[package]]
name = "proc-macro2"
version = "1.0.12"
source = "registry+https://github.com/rust-lang/crates.io-index"
checksum = "8872cf6f48eee44265156c111456a700ab3483686b3f96df4cf5481c89157319"
dependencies = [
 "unicode-xid",
]

[[package]]
name = "project_purse"
version = "0.1.0"
dependencies = [
 "diesel",
 "dotenv",
]

[[package]]
name = "quote"
version = "1.0.4"
source = "registry+https://github.com/rust-lang/crates.io-index"
checksum = "4c1f4b0efa5fc5e8ceb705136bfee52cfdb6a4e3509f770b478cd6ed434232a7"
dependencies = [
 "proc-macro2",
]

[[package]]
name = "regex"
version = "0.2.11"
source = "registry+https://github.com/rust-lang/crates.io-index"
checksum = "9329abc99e39129fcceabd24cf5d85b4671ef7c29c50e972bc5afe32438ec384"
dependencies = [
 "aho-corasick",
 "memchr",
 "regex-syntax",
 "thread_local",
 "utf8-ranges",
]

[[package]]
name = "regex-syntax"
version = "0.5.6"
source = "registry+https://github.com/rust-lang/crates.io-index"
checksum = "7d707a4fa2637f2dca2ef9fd02225ec7661fe01a53623c1e6515b6916511f7a7"
dependencies = [
 "ucd-util",
]

[[package]]
name = "syn"
version = "1.0.19"
source = "registry+https://github.com/rust-lang/crates.io-index"
checksum = "e8e5aa70697bb26ee62214ae3288465ecec0000f05182f039b477001f08f5ae7"
dependencies = [
 "proc-macro2",
 "quote",
 "unicode-xid",
]

[[package]]
name = "thread_local"
version = "0.3.6"
source = "registry+https://github.com/rust-lang/crates.io-index"
checksum = "c6b53e329000edc2b34dbe8545fd20e55a333362d0a321909685a19bd28c3f1b"
dependencies = [
 "lazy_static",
]

[[package]]
name = "ucd-util"
version = "0.1.8"
source = "registry+https://github.com/rust-lang/crates.io-index"
checksum = "c85f514e095d348c279b1e5cd76795082cf15bd59b93207832abe0b1d8fed236"

[[package]]
name = "unicode-xid"
version = "0.2.0"
source = "registry+https://github.com/rust-lang/crates.io-index"
checksum = "826e7639553986605ec5979c7dd957c7895e93eabed50ab2ffa7f6128a75097c"

[[package]]
name = "utf8-ranges"
version = "1.0.4"
source = "registry+https://github.com/rust-lang/crates.io-index"
checksum = "b4ae116fef2b7fea257ed6440d3cfcff7f190865f170cdad00bb6465bf18ecba"

[[package]]
name = "vcpkg"
version = "0.2.8"
source = "registry+https://github.com/rust-lang/crates.io-index"
checksum = "3fc439f2794e98976c88a2a2dafce96b930fe8010b0a256b3c2199a773933168"
